
Microsoft Visual Studio Solution File, Format Version 12.00
# Visual Studio 2013
VisualStudioVersion = 12.0.31101.0
MinimumVisualStudioVersion = 10.0.40219.1
Project("{FAE04EC0-301F-11D3-BF4B-00C04F79EFBC}") = "Webmo", "Webmo\Webmo.csproj", "{7A1B3D22-33BD-48B3-AAE6-94F5BAF4CBB5}"
EndProject
Project("{FAE04EC0-301F-11D3-BF4B-00C04F79EFBC}") = "Webmo.Tests", "Webmo.Tests\Webmo.Tests.csproj", "{AE7EFF54-25E2-48FD-94C7-FF8B3BCC1922}"
EndProject
Project("{FAE04EC0-301F-11D3-BF4B-00C04F79EFBC}") = "Webmo.Data", "Webmo.Data\Webmo.Data.csproj", "{543EC710-B520-4B3D-A868-87EB1093F406}"
EndProject
Global
	GlobalSection(SolutionConfigurationPlatforms) = preSolution
		Debug|Any CPU = Debug|Any CPU
		Release|Any CPU = Release|Any CPU
	EndGlobalSection
	GlobalSection(ProjectConfigurationPlatforms) = postSolution
		{7A1B3D22-33BD-48B3-AAE6-94F5BAF4CBB5}.Debug|Any CPU.ActiveCfg = Debug|Any CPU
		{7A1B3D22-33BD-48B3-AAE6-94F5BAF4CBB5}.Debug|Any CPU.Build.0 = Debug|Any CPU
		{7A1B3D22-33BD-48B3-AAE6-94F5BAF4CBB5}.Release|Any CPU.ActiveCfg = Release|Any CPU
		{7A1B3D22-33BD-48B3-AAE6-94F5BAF4CBB5}.Release|Any CPU.Build.0 = Release|Any CPU
		{AE7EFF54-25E2-48FD-94C7-FF8B3BCC1922}.Debug|Any CPU.ActiveCfg = Debug|Any CPU
		{AE7EFF54-25E2-48FD-94C7-FF8B3BCC1922}.Debug|Any CPU.Build.0 = Debug|Any CPU
		{AE7EFF54-25E2-48FD-94C7-FF8B3BCC1922}.Release|Any CPU.ActiveCfg = Release|Any CPU
		{AE7EFF54-25E2-48FD-94C7-FF8B3BCC1922}.Release|Any CPU.Build.0 = Release|Any CPU
		{543EC710-B520-4B3D-A868-87EB1093F406}.Debug|Any CPU.ActiveCfg = Debug|Any CPU
		{543EC710-B520-4B3D-A868-87EB1093F406}.Debug|Any CPU.Build.0 = Debug|Any CPU
		{543EC710-B520-4B3D-A868-87EB1093F406}.Release|Any CPU.ActiveCfg = Release|Any CPU
		{543EC710-B520-4B3D-A868-87EB1093F406}.Release|Any CPU.Build.0 = Release|Any CPU
	EndGlobalSection
	GlobalSection(SolutionProperties) = preSolution
		HideSolutionNode = FALSE
	EndGlobalSection
EndGlobal
